
Microsoft Visual Studio Solution File, Format Version 12.00
# Visual Studio Version 16
VisualStudioVersion = 16.0.30804.86
MinimumVisualStudioVersion = 10.0.40219.1
Project("{FAE04EC0-301F-11D3-BF4B-00C04F79EFBC}") = "ULDPartExtractor", "ULDPartExtractor\ULDPartExtractor.csproj", "{4290A6C5-87E8-43F8-8277-A85E7CC98C13}"
EndProject
Global
	GlobalSection(SolutionConfigurationPlatforms) = preSolution
		Debug|Any CPU = Debug|Any CPU
		Release|Any CPU = Release|Any CPU
	EndGlobalSection
	GlobalSection(ProjectConfigurationPlatforms) = postSolution
		{4290A6C5-87E8-43F8-8277-A85E7CC98C13}.Debug|Any CPU.ActiveCfg = Debug|Any CPU
		{4290A6C5-87E8-43F8-8277-A85E7CC98C13}.Debug|Any CPU.Build.0 = Debug|Any CPU
		{4290A6C5-87E8-43F8-8277-A85E7CC98C13}.Release|Any CPU.ActiveCfg = Release|Any CPU
		{4290A6C5-87E8-43F8-8277-A85E7CC98C13}.Release|Any CPU.Build.0 = Release|Any CPU
	EndGlobalSection
	GlobalSection(SolutionProperties) = preSolution
		HideSolutionNode = FALSE
	EndGlobalSection
	GlobalSection(ExtensibilityGlobals) = postSolution
		SolutionGuid = {F0B74E68-4479-40F9-B89B-81B4D9D6F060}
	EndGlobalSection
EndGlobal
